// !$*UTF8*$!
{
	archiveVersion = 1;
	classes = {
	};
	objectVersion = 77;
	objects = {

/* Begin PBXBuildFile section */
		11D0313C2CD946A40086753F /* FirebaseAnalytics in Frameworks */ = {isa = PBXBuildFile; productRef = 11D0313B2CD946A40086753F /* FirebaseAnalytics */; };
		11D0313E2CD946A40086753F /* FirebaseAnalyticsOnDeviceConversion in Frameworks */ = {isa = PBXBuildFile; productRef = 11D0313D2CD946A40086753F /* FirebaseAnalyticsOnDeviceConversion */; };
		11D031402CD946A40086753F /* FirebaseAnalyticsWithoutAdIdSupport in Frameworks */ = {isa = PBXBuildFile; productRef = 11D0313F2CD946A40086753F /* FirebaseAnalyticsWithoutAdIdSupport */; };
		11D031422CD946A40086753F /* FirebaseAppCheck in Frameworks */ = {isa = PBXBuildFile; productRef = 11D031412CD946A40086753F /* FirebaseAppCheck */; };
		11D031442CD946A40086753F /* FirebaseAppDistribution-Beta in Frameworks */ = {isa = PBXBuildFile; productRef = 11D031432CD946A40086753F /* FirebaseAppDistribution-Beta */; };
		11D031462CD946A40086753F /* FirebaseAuth in Frameworks */ = {isa = PBXBuildFile; productRef = 11D031452CD946A40086753F /* FirebaseAuth */; };
		11D031482CD946A40086753F /* FirebaseAuthCombine-Community in Frameworks */ = {isa = PBXBuildFile; productRef = 11D031472CD946A40086753F /* FirebaseAuthCombine-Community */; };
		11D0314A2CD946A40086753F /* FirebaseCore in Frameworks */ = {isa = PBXBuildFile; productRef = 11D031492CD946A40086753F /* FirebaseCore */; };
		11D0314C2CD946A40086753F /* FirebaseCrashlytics in Frameworks */ = {isa = PBXBuildFile; productRef = 11D0314B2CD946A40086753F /* FirebaseCrashlytics */; };
		11D0314E2CD946A40086753F /* FirebaseDatabase in Frameworks */ = {isa = PBXBuildFile; productRef = 11D0314D2CD946A40086753F /* FirebaseDatabase */; };
		11D031502CD946A40086753F /* FirebaseDynamicLinks in Frameworks */ = {isa = PBXBuildFile; productRef = 11D0314F2CD946A40086753F /* FirebaseDynamicLinks */; };
		11D031522CD946A40086753F /* FirebaseFirestore in Frameworks */ = {isa = PBXBuildFile; productRef = 11D031512CD946A40086753F /* FirebaseFirestore */; };
		11D031542CD946A40086753F /* FirebaseFirestoreCombine-Community in Frameworks */ = {isa = PBXBuildFile; productRef = 11D031532CD946A40086753F /* FirebaseFirestoreCombine-Community */; };
		11D031562CD946A40086753F /* FirebaseFunctions in Frameworks */ = {isa = PBXBuildFile; productRef = 11D031552CD946A40086753F /* FirebaseFunctions */; };
		11D031582CD946A40086753F /* FirebaseFunctionsCombine-Community in Frameworks */ = {isa = PBXBuildFile; productRef = 11D031572CD946A40086753F /* FirebaseFunctionsCombine-Community */; };
		11D0315A2CD946A40086753F /* FirebaseInAppMessaging-Beta in Frameworks */ = {isa = PBXBuildFile; productRef = 11D031592CD946A40086753F /* FirebaseInAppMessaging-Beta */; };
		11D0315C2CD946A40086753F /* FirebaseInstallations in Frameworks */ = {isa = PBXBuildFile; productRef = 11D0315B2CD946A40086753F /* FirebaseInstallations */; };
		11D0315E2CD946A40086753F /* FirebaseMLModelDownloader in Frameworks */ = {isa = PBXBuildFile; productRef = 11D0315D2CD946A40086753F /* FirebaseMLModelDownloader */; };
		11D031602CD946A40086753F /* FirebaseMessaging in Frameworks */ = {isa = PBXBuildFile; productRef = 11D0315F2CD946A40086753F /* FirebaseMessaging */; };
		11D031622CD946A40086753F /* FirebasePerformance in Frameworks */ = {isa = PBXBuildFile; productRef = 11D031612CD946A40086753F /* FirebasePerformance */; };
		11D031642CD946A40086753F /* FirebaseRemoteConfig in Frameworks */ = {isa = PBXBuildFile; productRef = 11D031632CD946A40086753F /* FirebaseRemoteConfig */; };
		11D031662CD946A40086753F /* FirebaseStorage in Frameworks */ = {isa = PBXBuildFile; productRef = 11D031652CD946A40086753F /* FirebaseStorage */; };
		11D031682CD946A40086753F /* FirebaseStorageCombine-Community in Frameworks */ = {isa = PBXBuildFile; productRef = 11D031672CD946A40086753F /* FirebaseStorageCombine-Community */; };
		11D0316A2CD946A40086753F /* FirebaseVertexAI in Frameworks */ = {isa = PBXBuildFile; productRef = 11D031692CD946A40086753F /* FirebaseVertexAI */; };
		A4BC90FF2CAF0FCE00C60ED1 /* README.md in Resources */ = {isa = PBXBuildFile; fileRef = A4BC90FE2CAF0FC600C60ED1 /* README.md */; };
/* End PBXBuildFile section */

/* Begin PBXContainerItemProxy section */
		A4BC90E22CAF0F3300C60ED1 /* PBXContainerItemProxy */ = {
			isa = PBXContainerItemProxy;
			containerPortal = A4BC90C42CAF0F3200C60ED1 /* Project object */;
			proxyType = 1;
			remoteGlobalIDString = A4BC90CB2CAF0F3200C60ED1;
			remoteInfo = Seekr;
		};
		A4BC90EC2CAF0F3300C60ED1 /* PBXContainerItemProxy */ = {
			isa = PBXContainerItemProxy;
			containerPortal = A4BC90C42CAF0F3200C60ED1 /* Project object */;
			proxyType = 1;
			remoteGlobalIDString = A4BC90CB2CAF0F3200C60ED1;
			remoteInfo = Seekr;
		};
/* End PBXContainerItemProxy section */

/* Begin PBXFileReference section */
		A4BC90CC2CAF0F3200C60ED1 /* Seekr.app */ = {isa = PBXFileReference; explicitFileType = wrapper.application; includeInIndex = 0; path = Seekr.app; sourceTree = BUILT_PRODUCTS_DIR; };
		A4BC90E12CAF0F3300C60ED1 /* SeekrTests.xctest */ = {isa = PBXFileReference; explicitFileType = wrapper.cfbundle; includeInIndex = 0; path = SeekrTests.xctest; sourceTree = BUILT_PRODUCTS_DIR; };
		A4BC90EB2CAF0F3300C60ED1 /* SeekrUITests.xctest */ = {isa = PBXFileReference; explicitFileType = wrapper.cfbundle; includeInIndex = 0; path = SeekrUITests.xctest; sourceTree = BUILT_PRODUCTS_DIR; };
		A4BC90FE2CAF0FC600C60ED1 /* README.md */ = {isa = PBXFileReference; lastKnownFileType = net.daringfireball.markdown; path = README.md; sourceTree = "<group>"; };
/* End PBXFileReference section */

/* Begin PBXFileSystemSynchronizedRootGroup section */
		A4BC90CE2CAF0F3200C60ED1 /* Seekr */ = {
			isa = PBXFileSystemSynchronizedRootGroup;
			path = Seekr;
			sourceTree = "<group>";
		};
		A4BC90E42CAF0F3300C60ED1 /* SeekrTests */ = {
			isa = PBXFileSystemSynchronizedRootGroup;
			path = SeekrTests;
			sourceTree = "<group>";
		};
		A4BC90EE2CAF0F3300C60ED1 /* SeekrUITests */ = {
			isa = PBXFileSystemSynchronizedRootGroup;
			path = SeekrUITests;
			sourceTree = "<group>";
		};
/* End PBXFileSystemSynchronizedRootGroup section */

/* Begin PBXFrameworksBuildPhase section */
		A4BC90C92CAF0F3200C60ED1 /* Frameworks */ = {
			isa = PBXFrameworksBuildPhase;
			buildActionMask = 2147483647;
			files = (
				11D031542CD946A40086753F /* FirebaseFirestoreCombine-Community in Frameworks */,
				11D0316A2CD946A40086753F /* FirebaseVertexAI in Frameworks */,
				11D031562CD946A40086753F /* FirebaseFunctions in Frameworks */,
				11D031622CD946A40086753F /* FirebasePerformance in Frameworks */,
				11D031682CD946A40086753F /* FirebaseStorageCombine-Community in Frameworks */,
				11D031642CD946A40086753F /* FirebaseRemoteConfig in Frameworks */,
				11D0314E2CD946A40086753F /* FirebaseDatabase in Frameworks */,
				11D031502CD946A40086753F /* FirebaseDynamicLinks in Frameworks */,
				11D031422CD946A40086753F /* FirebaseAppCheck in Frameworks */,
				11D031462CD946A40086753F /* FirebaseAuth in Frameworks */,
				11D0313C2CD946A40086753F /* FirebaseAnalytics in Frameworks */,
				11D031522CD946A40086753F /* FirebaseFirestore in Frameworks */,
				11D031602CD946A40086753F /* FirebaseMessaging in Frameworks */,
				11D0315C2CD946A40086753F /* FirebaseInstallations in Frameworks */,
				11D031582CD946A40086753F /* FirebaseFunctionsCombine-Community in Frameworks */,
				11D031442CD946A40086753F /* FirebaseAppDistribution-Beta in Frameworks */,
				11D031402CD946A40086753F /* FirebaseAnalyticsWithoutAdIdSupport in Frameworks */,
				11D0315A2CD946A40086753F /* FirebaseInAppMessaging-Beta in Frameworks */,
				11D031482CD946A40086753F /* FirebaseAuthCombine-Community in Frameworks */,
				11D0314C2CD946A40086753F /* FirebaseCrashlytics in Frameworks */,
				11D0315E2CD946A40086753F /* FirebaseMLModelDownloader in Frameworks */,
				11D031662CD946A40086753F /* FirebaseStorage in Frameworks */,
				11D0314A2CD946A40086753F /* FirebaseCore in Frameworks */,
				11D0313E2CD946A40086753F /* FirebaseAnalyticsOnDeviceConversion in Frameworks */,
			);
			runOnlyForDeploymentPostprocessing = 0;
		};
		A4BC90DE2CAF0F3300C60ED1 /* Frameworks */ = {
			isa = PBXFrameworksBuildPhase;
			buildActionMask = 2147483647;
			files = (
			);
			runOnlyForDeploymentPostprocessing = 0;
		};
		A4BC90E82CAF0F3300C60ED1 /* Frameworks */ = {
			isa = PBXFrameworksBuildPhase;
			buildActionMask = 2147483647;
			files = (
			);
			runOnlyForDeploymentPostprocessing = 0;
		};
/* End PBXFrameworksBuildPhase section */

/* Begin PBXGroup section */
		A4BC90C32CAF0F3200C60ED1 = {
			isa = PBXGroup;
			children = (
				A4BC90FE2CAF0FC600C60ED1 /* README.md */,
				A4BC90CE2CAF0F3200C60ED1 /* Seekr */,
				A4BC90E42CAF0F3300C60ED1 /* SeekrTests */,
				A4BC90EE2CAF0F3300C60ED1 /* SeekrUITests */,
				A4BC90CD2CAF0F3200C60ED1 /* Products */,
			);
			sourceTree = "<group>";
		};
		A4BC90CD2CAF0F3200C60ED1 /* Products */ = {
			isa = PBXGroup;
			children = (
				A4BC90CC2CAF0F3200C60ED1 /* Seekr.app */,
				A4BC90E12CAF0F3300C60ED1 /* SeekrTests.xctest */,
				A4BC90EB2CAF0F3300C60ED1 /* SeekrUITests.xctest */,
			);
			name = Products;
			sourceTree = "<group>";
		};
/* End PBXGroup section */

/* Begin PBXNativeTarget section */
		A4BC90CB2CAF0F3200C60ED1 /* Seekr */ = {
			isa = PBXNativeTarget;
			buildConfigurationList = A4BC90F52CAF0F3300C60ED1 /* Build configuration list for PBXNativeTarget "Seekr" */;
			buildPhases = (
				A4BC90C82CAF0F3200C60ED1 /* Sources */,
				A4BC90C92CAF0F3200C60ED1 /* Frameworks */,
				A4BC90CA2CAF0F3200C60ED1 /* Resources */,
			);
			buildRules = (
			);
			dependencies = (
			);
			fileSystemSynchronizedGroups = (
				A4BC90CE2CAF0F3200C60ED1 /* Seekr */,
			);
			name = Seekr;
			packageProductDependencies = (
				11D0313B2CD946A40086753F /* FirebaseAnalytics */,
				11D0313D2CD946A40086753F /* FirebaseAnalyticsOnDeviceConversion */,
				11D0313F2CD946A40086753F /* FirebaseAnalyticsWithoutAdIdSupport */,
				11D031412CD946A40086753F /* FirebaseAppCheck */,
				11D031432CD946A40086753F /* FirebaseAppDistribution-Beta */,
				11D031452CD946A40086753F /* FirebaseAuth */,
				11D031472CD946A40086753F /* FirebaseAuthCombine-Community */,
				11D031492CD946A40086753F /* FirebaseCore */,
				11D0314B2CD946A40086753F /* FirebaseCrashlytics */,
				11D0314D2CD946A40086753F /* FirebaseDatabase */,
				11D0314F2CD946A40086753F /* FirebaseDynamicLinks */,
				11D031512CD946A40086753F /* FirebaseFirestore */,
				11D031532CD946A40086753F /* FirebaseFirestoreCombine-Community */,
				11D031552CD946A40086753F /* FirebaseFunctions */,
				11D031572CD946A40086753F /* FirebaseFunctionsCombine-Community */,
				11D031592CD946A40086753F /* FirebaseInAppMessaging-Beta */,
				11D0315B2CD946A40086753F /* FirebaseInstallations */,
				11D0315D2CD946A40086753F /* FirebaseMLModelDownloader */,
				11D0315F2CD946A40086753F /* FirebaseMessaging */,
				11D031612CD946A40086753F /* FirebasePerformance */,
				11D031632CD946A40086753F /* FirebaseRemoteConfig */,
				11D031652CD946A40086753F /* FirebaseStorage */,
				11D031672CD946A40086753F /* FirebaseStorageCombine-Community */,
				11D031692CD946A40086753F /* FirebaseVertexAI */,
			);
			productName = Seekr;
			productReference = A4BC90CC2CAF0F3200C60ED1 /* Seekr.app */;
			productType = "com.apple.product-type.application";
		};
		A4BC90E02CAF0F3300C60ED1 /* SeekrTests */ = {
			isa = PBXNativeTarget;
			buildConfigurationList = A4BC90F82CAF0F3300C60ED1 /* Build configuration list for PBXNativeTarget "SeekrTests" */;
			buildPhases = (
				A4BC90DD2CAF0F3300C60ED1 /* Sources */,
				A4BC90DE2CAF0F3300C60ED1 /* Frameworks */,
				A4BC90DF2CAF0F3300C60ED1 /* Resources */,
			);
			buildRules = (
			);
			dependencies = (
				A4BC90E32CAF0F3300C60ED1 /* PBXTargetDependency */,
			);
			fileSystemSynchronizedGroups = (
				A4BC90E42CAF0F3300C60ED1 /* SeekrTests */,
			);
			name = SeekrTests;
			packageProductDependencies = (
			);
			productName = SeekrTests;
			productReference = A4BC90E12CAF0F3300C60ED1 /* SeekrTests.xctest */;
			productType = "com.apple.product-type.bundle.unit-test";
		};
		A4BC90EA2CAF0F3300C60ED1 /* SeekrUITests */ = {
			isa = PBXNativeTarget;
			buildConfigurationList = A4BC90FB2CAF0F3300C60ED1 /* Build configuration list for PBXNativeTarget "SeekrUITests" */;
			buildPhases = (
				A4BC90E72CAF0F3300C60ED1 /* Sources */,
				A4BC90E82CAF0F3300C60ED1 /* Frameworks */,
				A4BC90E92CAF0F3300C60ED1 /* Resources */,
			);
			buildRules = (
			);
			dependencies = (
				A4BC90ED2CAF0F3300C60ED1 /* PBXTargetDependency */,
			);
			fileSystemSynchronizedGroups = (
				A4BC90EE2CAF0F3300C60ED1 /* SeekrUITests */,
			);
			name = SeekrUITests;
			packageProductDependencies = (
			);
			productName = SeekrUITests;
			productReference = A4BC90EB2CAF0F3300C60ED1 /* SeekrUITests.xctest */;
			productType = "com.apple.product-type.bundle.ui-testing";
		};
/* End PBXNativeTarget section */

/* Begin PBXProject section */
		A4BC90C42CAF0F3200C60ED1 /* Project object */ = {
			isa = PBXProject;
			attributes = {
				BuildIndependentTargetsInParallel = 1;
				LastSwiftUpdateCheck = 1600;
				LastUpgradeCheck = 1600;
				TargetAttributes = {
					A4BC90CB2CAF0F3200C60ED1 = {
						CreatedOnToolsVersion = 16.0;
					};
					A4BC90E02CAF0F3300C60ED1 = {
						CreatedOnToolsVersion = 16.0;
						TestTargetID = A4BC90CB2CAF0F3200C60ED1;
					};
					A4BC90EA2CAF0F3300C60ED1 = {
						CreatedOnToolsVersion = 16.0;
						TestTargetID = A4BC90CB2CAF0F3200C60ED1;
					};
				};
			};
			buildConfigurationList = A4BC90C72CAF0F3200C60ED1 /* Build configuration list for PBXProject "Seekr" */;
			developmentRegion = en;
			hasScannedForEncodings = 0;
			knownRegions = (
				en,
				Base,
			);
			mainGroup = A4BC90C32CAF0F3200C60ED1;
			minimizedProjectReferenceProxies = 1;
			packageReferences = (
				11D0313A2CD946A40086753F /* XCRemoteSwiftPackageReference "firebase-ios-sdk" */,
			);
			preferredProjectObjectVersion = 77;
			productRefGroup = A4BC90CD2CAF0F3200C60ED1 /* Products */;
			projectDirPath = "";
			projectRoot = "";
			targets = (
				A4BC90CB2CAF0F3200C60ED1 /* Seekr */,
				A4BC90E02CAF0F3300C60ED1 /* SeekrTests */,
				A4BC90EA2CAF0F3300C60ED1 /* SeekrUITests */,
			);
		};
/* End PBXProject section */

/* Begin PBXResourcesBuildPhase section */
		A4BC90CA2CAF0F3200C60ED1 /* Resources */ = {
			isa = PBXResourcesBuildPhase;
			buildActionMask = 2147483647;
			files = (
				A4BC90FF2CAF0FCE00C60ED1 /* README.md in Resources */,
			);
			runOnlyForDeploymentPostprocessing = 0;
		};
		A4BC90DF2CAF0F3300C60ED1 /* Resources */ = {
			isa = PBXResourcesBuildPhase;
			buildActionMask = 2147483647;
			files = (
			);
			runOnlyForDeploymentPostprocessing = 0;
		};
		A4BC90E92CAF0F3300C60ED1 /* Resources */ = {
			isa = PBXResourcesBuildPhase;
			buildActionMask = 2147483647;
			files = (
			);
			runOnlyForDeploymentPostprocessing = 0;
		};
/* End PBXResourcesBuildPhase section */

/* Begin PBXSourcesBuildPhase section */
		A4BC90C82CAF0F3200C60ED1 /* Sources */ = {
			isa = PBXSourcesBuildPhase;
			buildActionMask = 2147483647;
			files = (
			);
			runOnlyForDeploymentPostprocessing = 0;
		};
		A4BC90DD2CAF0F3300C60ED1 /* Sources */ = {
			isa = PBXSourcesBuildPhase;
			buildActionMask = 2147483647;
			files = (
			);
			runOnlyForDeploymentPostprocessing = 0;
		};
		A4BC90E72CAF0F3300C60ED1 /* Sources */ = {
			isa = PBXSourcesBuildPhase;
			buildActionMask = 2147483647;
			files = (
			);
			runOnlyForDeploymentPostprocessing = 0;
		};
/* End PBXSourcesBuildPhase section */

/* Begin PBXTargetDependency section */
		A4BC90E32CAF0F3300C60ED1 /* PBXTargetDependency */ = {
			isa = PBXTargetDependency;
			target = A4BC90CB2CAF0F3200C60ED1 /* Seekr */;
			targetProxy = A4BC90E22CAF0F3300C60ED1 /* PBXContainerItemProxy */;
		};
		A4BC90ED2CAF0F3300C60ED1 /* PBXTargetDependency */ = {
			isa = PBXTargetDependency;
			target = A4BC90CB2CAF0F3200C60ED1 /* Seekr */;
			targetProxy = A4BC90EC2CAF0F3300C60ED1 /* PBXContainerItemProxy */;
		};
/* End PBXTargetDependency section */

/* Begin XCBuildConfiguration section */
		A4BC90F32CAF0F3300C60ED1 /* Debug */ = {
			isa = XCBuildConfiguration;
			buildSettings = {
				ALWAYS_SEARCH_USER_PATHS = NO;
				ASSETCATALOG_COMPILER_GENERATE_SWIFT_ASSET_SYMBOL_EXTENSIONS = YES;
				CLANG_ANALYZER_NONNULL = YES;
				CLANG_ANALYZER_NUMBER_OBJECT_CONVERSION = YES_AGGRESSIVE;
				CLANG_CXX_LANGUAGE_STANDARD = "gnu++20";
				CLANG_ENABLE_MODULES = YES;
				CLANG_ENABLE_OBJC_ARC = YES;
				CLANG_ENABLE_OBJC_WEAK = YES;
				CLANG_WARN_BLOCK_CAPTURE_AUTORELEASING = YES;
				CLANG_WARN_BOOL_CONVERSION = YES;
				CLANG_WARN_COMMA = YES;
				CLANG_WARN_CONSTANT_CONVERSION = YES;
				CLANG_WARN_DEPRECATED_OBJC_IMPLEMENTATIONS = YES;
				CLANG_WARN_DIRECT_OBJC_ISA_USAGE = YES_ERROR;
				CLANG_WARN_DOCUMENTATION_COMMENTS = YES;
				CLANG_WARN_EMPTY_BODY = YES;
				CLANG_WARN_ENUM_CONVERSION = YES;
				CLANG_WARN_INFINITE_RECURSION = YES;
				CLANG_WARN_INT_CONVERSION = YES;
				CLANG_WARN_NON_LITERAL_NULL_CONVERSION = YES;
				CLANG_WARN_OBJC_IMPLICIT_RETAIN_SELF = YES;
				CLANG_WARN_OBJC_LITERAL_CONVERSION = YES;
				CLANG_WARN_OBJC_ROOT_CLASS = YES_ERROR;
				CLANG_WARN_QUOTED_INCLUDE_IN_FRAMEWORK_HEADER = YES;
				CLANG_WARN_RANGE_LOOP_ANALYSIS = YES;
				CLANG_WARN_STRICT_PROTOTYPES = YES;
				CLANG_WARN_SUSPICIOUS_MOVE = YES;
				CLANG_WARN_UNGUARDED_AVAILABILITY = YES_AGGRESSIVE;
				CLANG_WARN_UNREACHABLE_CODE = YES;
				CLANG_WARN__DUPLICATE_METHOD_MATCH = YES;
				COPY_PHASE_STRIP = NO;
				DEBUG_INFORMATION_FORMAT = dwarf;
				ENABLE_STRICT_OBJC_MSGSEND = YES;
				ENABLE_TESTABILITY = YES;
				ENABLE_USER_SCRIPT_SANDBOXING = YES;
				GCC_C_LANGUAGE_STANDARD = gnu17;
				GCC_DYNAMIC_NO_PIC = NO;
				GCC_NO_COMMON_BLOCKS = YES;
				GCC_OPTIMIZATION_LEVEL = 0;
				GCC_PREPROCESSOR_DEFINITIONS = (
					"DEBUG=1",
					"$(inherited)",
				);
				GCC_WARN_64_TO_32_BIT_CONVERSION = YES;
				GCC_WARN_ABOUT_RETURN_TYPE = YES_ERROR;
				GCC_WARN_UNDECLARED_SELECTOR = YES;
				GCC_WARN_UNINITIALIZED_AUTOS = YES_AGGRESSIVE;
				GCC_WARN_UNUSED_FUNCTION = YES;
				GCC_WARN_UNUSED_VARIABLE = YES;
				IPHONEOS_DEPLOYMENT_TARGET = 16.6;
				LOCALIZATION_PREFERS_STRING_CATALOGS = YES;
				MTL_ENABLE_DEBUG_INFO = INCLUDE_SOURCE;
				MTL_FAST_MATH = YES;
				ONLY_ACTIVE_ARCH = YES;
				SDKROOT = iphoneos;
				SWIFT_ACTIVE_COMPILATION_CONDITIONS = "DEBUG $(inherited)";
				SWIFT_OPTIMIZATION_LEVEL = "-Onone";
			};
			name = Debug;
		};
		A4BC90F42CAF0F3300C60ED1 /* Release */ = {
			isa = XCBuildConfiguration;
			buildSettings = {
				ALWAYS_SEARCH_USER_PATHS = NO;
				ASSETCATALOG_COMPILER_GENERATE_SWIFT_ASSET_SYMBOL_EXTENSIONS = YES;
				CLANG_ANALYZER_NONNULL = YES;
				CLANG_ANALYZER_NUMBER_OBJECT_CONVERSION = YES_AGGRESSIVE;
				CLANG_CXX_LANGUAGE_STANDARD = "gnu++20";
				CLANG_ENABLE_MODULES = YES;
				CLANG_ENABLE_OBJC_ARC = YES;
				CLANG_ENABLE_OBJC_WEAK = YES;
				CLANG_WARN_BLOCK_CAPTURE_AUTORELEASING = YES;
				CLANG_WARN_BOOL_CONVERSION = YES;
				CLANG_WARN_COMMA = YES;
				CLANG_WARN_CONSTANT_CONVERSION = YES;
				CLANG_WARN_DEPRECATED_OBJC_IMPLEMENTATIONS = YES;
				CLANG_WARN_DIRECT_OBJC_ISA_USAGE = YES_ERROR;
				CLANG_WARN_DOCUMENTATION_COMMENTS = YES;
				CLANG_WARN_EMPTY_BODY = YES;
				CLANG_WARN_ENUM_CONVERSION = YES;
				CLANG_WARN_INFINITE_RECURSION = YES;
				CLANG_WARN_INT_CONVERSION = YES;
				CLANG_WARN_NON_LITERAL_NULL_CONVERSION = YES;
				CLANG_WARN_OBJC_IMPLICIT_RETAIN_SELF = YES;
				CLANG_WARN_OBJC_LITERAL_CONVERSION = YES;
				CLANG_WARN_OBJC_ROOT_CLASS = YES_ERROR;
				CLANG_WARN_QUOTED_INCLUDE_IN_FRAMEWORK_HEADER = YES;
				CLANG_WARN_RANGE_LOOP_ANALYSIS = YES;
				CLANG_WARN_STRICT_PROTOTYPES = YES;
				CLANG_WARN_SUSPICIOUS_MOVE = YES;
				CLANG_WARN_UNGUARDED_AVAILABILITY = YES_AGGRESSIVE;
				CLANG_WARN_UNREACHABLE_CODE = YES;
				CLANG_WARN__DUPLICATE_METHOD_MATCH = YES;
				COPY_PHASE_STRIP = NO;
				DEBUG_INFORMATION_FORMAT = "dwarf-with-dsym";
				ENABLE_NS_ASSERTIONS = NO;
				ENABLE_STRICT_OBJC_MSGSEND = YES;
				ENABLE_USER_SCRIPT_SANDBOXING = YES;
				GCC_C_LANGUAGE_STANDARD = gnu17;
				GCC_NO_COMMON_BLOCKS = YES;
				GCC_WARN_64_TO_32_BIT_CONVERSION = YES;
				GCC_WARN_ABOUT_RETURN_TYPE = YES_ERROR;
				GCC_WARN_UNDECLARED_SELECTOR = YES;
				GCC_WARN_UNINITIALIZED_AUTOS = YES_AGGRESSIVE;
				GCC_WARN_UNUSED_FUNCTION = YES;
				GCC_WARN_UNUSED_VARIABLE = YES;
				IPHONEOS_DEPLOYMENT_TARGET = 16.6;
				LOCALIZATION_PREFERS_STRING_CATALOGS = YES;
				MTL_ENABLE_DEBUG_INFO = NO;
				MTL_FAST_MATH = YES;
				SDKROOT = iphoneos;
				SWIFT_COMPILATION_MODE = wholemodule;
				VALIDATE_PRODUCT = YES;
			};
			name = Release;
		};
		A4BC90F62CAF0F3300C60ED1 /* Debug */ = {
			isa = XCBuildConfiguration;
			buildSettings = {
				ASSETCATALOG_COMPILER_APPICON_NAME = AppIcon;
				ASSETCATALOG_COMPILER_GLOBAL_ACCENT_COLOR_NAME = AccentColor;
				CODE_SIGN_STYLE = Automatic;
				CURRENT_PROJECT_VERSION = 1;
				DEVELOPMENT_ASSET_PATHS = "\"Seekr/Preview Content\"";
				DEVELOPMENT_TEAM = 576626AB32;
				ENABLE_PREVIEWS = YES;
				GENERATE_INFOPLIST_FILE = YES;
				INFOPLIST_KEY_NSLocationAlwaysAndWhenInUseUsageDescription = YES;
				INFOPLIST_KEY_NSLocationWhenInUseUsageDescription = YES;
				INFOPLIST_KEY_UIApplicationSceneManifest_Generation = YES;
				INFOPLIST_KEY_UIApplicationSupportsIndirectInputEvents = YES;
				INFOPLIST_KEY_UILaunchScreen_Generation = YES;
				INFOPLIST_KEY_UISupportedInterfaceOrientations_iPad = "UIInterfaceOrientationPortrait UIInterfaceOrientationPortraitUpsideDown UIInterfaceOrientationLandscapeLeft UIInterfaceOrientationLandscapeRight";
				INFOPLIST_KEY_UISupportedInterfaceOrientations_iPhone = "UIInterfaceOrientationPortrait UIInterfaceOrientationLandscapeLeft UIInterfaceOrientationLandscapeRight";
				IPHONEOS_DEPLOYMENT_TARGET = 18.0;
				LD_RUNPATH_SEARCH_PATHS = (
					"$(inherited)",
					"@executable_path/Frameworks",
				);
				MARKETING_VERSION = 1.0;
				PRODUCT_BUNDLE_IDENTIFIER = zdumonts.cse115a.Seekrrwww;
				PRODUCT_NAME = "$(TARGET_NAME)";
				SWIFT_EMIT_LOC_STRINGS = YES;
				SWIFT_VERSION = 5.0;
				TARGETED_DEVICE_FAMILY = "1,2";
			};
			name = Debug;
		};
		A4BC90F72CAF0F3300C60ED1 /* Release */ = {
			isa = XCBuildConfiguration;
			buildSettings = {
				ASSETCATALOG_COMPILER_APPICON_NAME = AppIcon;
				ASSETCATALOG_COMPILER_GLOBAL_ACCENT_COLOR_NAME = AccentColor;
				CODE_SIGN_STYLE = Automatic;
				CURRENT_PROJECT_VERSION = 1;
				DEVELOPMENT_ASSET_PATHS = "\"Seekr/Preview Content\"";
				DEVELOPMENT_TEAM = 576626AB32;
				ENABLE_PREVIEWS = YES;
				GENERATE_INFOPLIST_FILE = YES;
				INFOPLIST_KEY_NSLocationAlwaysAndWhenInUseUsageDescription = YES;
				INFOPLIST_KEY_NSLocationWhenInUseUsageDescription = YES;
				INFOPLIST_KEY_UIApplicationSceneManifest_Generation = YES;
				INFOPLIST_KEY_UIApplicationSupportsIndirectInputEvents = YES;
				INFOPLIST_KEY_UILaunchScreen_Generation = YES;
				INFOPLIST_KEY_UISupportedInterfaceOrientations_iPad = "UIInterfaceOrientationPortrait UIInterfaceOrientationPortraitUpsideDown UIInterfaceOrientationLandscapeLeft UIInterfaceOrientationLandscapeRight";
				INFOPLIST_KEY_UISupportedInterfaceOrientations_iPhone = "UIInterfaceOrientationPortrait UIInterfaceOrientationLandscapeLeft UIInterfaceOrientationLandscapeRight";
				IPHONEOS_DEPLOYMENT_TARGET = 18.0;
				LD_RUNPATH_SEARCH_PATHS = (
					"$(inherited)",
					"@executable_path/Frameworks",
				);
				MARKETING_VERSION = 1.0;
				PRODUCT_BUNDLE_IDENTIFIER = zdumonts.cse115a.Seekrrwww;
				PRODUCT_NAME = "$(TARGET_NAME)";
				SWIFT_EMIT_LOC_STRINGS = YES;
				SWIFT_VERSION = 5.0;
				TARGETED_DEVICE_FAMILY = "1,2";
			};
			name = Release;
		};
		A4BC90F92CAF0F3300C60ED1 /* Debug */ = {
			isa = XCBuildConfiguration;
			buildSettings = {
				BUNDLE_LOADER = "$(TEST_HOST)";
				CODE_SIGN_STYLE = Automatic;
				CURRENT_PROJECT_VERSION = 1;
				DEVELOPMENT_TEAM = AV736NB8RV;
				GENERATE_INFOPLIST_FILE = YES;
				IPHONEOS_DEPLOYMENT_TARGET = 18.0;
				MARKETING_VERSION = 1.0;
				PRODUCT_BUNDLE_IDENTIFIER = cse115.SeekrTests;
				PRODUCT_NAME = "$(TARGET_NAME)";
				SWIFT_EMIT_LOC_STRINGS = NO;
				SWIFT_VERSION = 5.0;
				TARGETED_DEVICE_FAMILY = "1,2";
				TEST_HOST = "$(BUILT_PRODUCTS_DIR)/Seekr.app/$(BUNDLE_EXECUTABLE_FOLDER_PATH)/Seekr";
			};
			name = Debug;
		};
		A4BC90FA2CAF0F3300C60ED1 /* Release */ = {
			isa = XCBuildConfiguration;
			buildSettings = {
				BUNDLE_LOADER = "$(TEST_HOST)";
				CODE_SIGN_STYLE = Automatic;
				CURRENT_PROJECT_VERSION = 1;
				DEVELOPMENT_TEAM = AV736NB8RV;
				GENERATE_INFOPLIST_FILE = YES;
				IPHONEOS_DEPLOYMENT_TARGET = 18.0;
				MARKETING_VERSION = 1.0;
				PRODUCT_BUNDLE_IDENTIFIER = cse115.SeekrTests;
				PRODUCT_NAME = "$(TARGET_NAME)";
				SWIFT_EMIT_LOC_STRINGS = NO;
				SWIFT_VERSION = 5.0;
				TARGETED_DEVICE_FAMILY = "1,2";
				TEST_HOST = "$(BUILT_PRODUCTS_DIR)/Seekr.app/$(BUNDLE_EXECUTABLE_FOLDER_PATH)/Seekr";
			};
			name = Release;
		};
		A4BC90FC2CAF0F3300C60ED1 /* Debug */ = {
			isa = XCBuildConfiguration;
			buildSettings = {
				CODE_SIGN_STYLE = Automatic;
				CURRENT_PROJECT_VERSION = 1;
				DEVELOPMENT_TEAM = AV736NB8RV;
				GENERATE_INFOPLIST_FILE = YES;
				INFOPLIST_KEY_NSLocationAlwaysAndWhenInUseUsageDescription = YES;
				INFOPLIST_KEY_NSLocationWhenInUseUsageDescription = YES;
				MARKETING_VERSION = 1.0;
				PRODUCT_BUNDLE_IDENTIFIER = cse115.SeekrUITests;
				PRODUCT_NAME = "$(TARGET_NAME)";
				SWIFT_EMIT_LOC_STRINGS = NO;
				SWIFT_VERSION = 5.0;
				TARGETED_DEVICE_FAMILY = "1,2";
				TEST_TARGET_NAME = Seekr;
			};
			name = Debug;
		};
		A4BC90FD2CAF0F3300C60ED1 /* Release */ = {
			isa = XCBuildConfiguration;
			buildSettings = {
				CODE_SIGN_STYLE = Automatic;
				CURRENT_PROJECT_VERSION = 1;
				DEVELOPMENT_TEAM = AV736NB8RV;
				GENERATE_INFOPLIST_FILE = YES;
				INFOPLIST_KEY_NSLocationAlwaysAndWhenInUseUsageDescription = YES;
				INFOPLIST_KEY_NSLocationWhenInUseUsageDescription = YES;
				MARKETING_VERSION = 1.0;
				PRODUCT_BUNDLE_IDENTIFIER = cse115.SeekrUITests;
				PRODUCT_NAME = "$(TARGET_NAME)";
				SWIFT_EMIT_LOC_STRINGS = NO;
				SWIFT_VERSION = 5.0;
				TARGETED_DEVICE_FAMILY = "1,2";
				TEST_TARGET_NAME = Seekr;
			};
			name = Release;
		};
/* End XCBuildConfiguration section */

/* Begin XCConfigurationList section */
		A4BC90C72CAF0F3200C60ED1 /* Build configuration list for PBXProject "Seekr" */ = {
			isa = XCConfigurationList;
			buildConfigurations = (
				A4BC90F32CAF0F3300C60ED1 /* Debug */,
				A4BC90F42CAF0F3300C60ED1 /* Release */,
			);
			defaultConfigurationIsVisible = 0;
			defaultConfigurationName = Release;
		};
		A4BC90F52CAF0F3300C60ED1 /* Build configuration list for PBXNativeTarget "Seekr" */ = {
			isa = XCConfigurationList;
			buildConfigurations = (
				A4BC90F62CAF0F3300C60ED1 /* Debug */,
				A4BC90F72CAF0F3300C60ED1 /* Release */,
			);
			defaultConfigurationIsVisible = 0;
			defaultConfigurationName = Release;
		};
		A4BC90F82CAF0F3300C60ED1 /* Build configuration list for PBXNativeTarget "SeekrTests" */ = {
			isa = XCConfigurationList;
			buildConfigurations = (
				A4BC90F92CAF0F3300C60ED1 /* Debug */,
				A4BC90FA2CAF0F3300C60ED1 /* Release */,
			);
			defaultConfigurationIsVisible = 0;
			defaultConfigurationName = Release;
		};
		A4BC90FB2CAF0F3300C60ED1 /* Build configuration list for PBXNativeTarget "SeekrUITests" */ = {
			isa = XCConfigurationList;
			buildConfigurations = (
				A4BC90FC2CAF0F3300C60ED1 /* Debug */,
				A4BC90FD2CAF0F3300C60ED1 /* Release */,
			);
			defaultConfigurationIsVisible = 0;
			defaultConfigurationName = Release;
		};
/* End XCConfigurationList section */

/* Begin XCRemoteSwiftPackageReference section */
		11D0313A2CD946A40086753F /* XCRemoteSwiftPackageReference "firebase-ios-sdk" */ = {
			isa = XCRemoteSwiftPackageReference;
			repositoryURL = "https://github.com/firebase/firebase-ios-sdk";
			requirement = {
				kind = upToNextMajorVersion;
				minimumVersion = 11.4.0;
			};
		};
/* End XCRemoteSwiftPackageReference section */

/* Begin XCSwiftPackageProductDependency section */
		11D0313B2CD946A40086753F /* FirebaseAnalytics */ = {
			isa = XCSwiftPackageProductDependency;
			package = 11D0313A2CD946A40086753F /* XCRemoteSwiftPackageReference "firebase-ios-sdk" */;
			productName = FirebaseAnalytics;
		};
		11D0313D2CD946A40086753F /* FirebaseAnalyticsOnDeviceConversion */ = {
			isa = XCSwiftPackageProductDependency;
			package = 11D0313A2CD946A40086753F /* XCRemoteSwiftPackageReference "firebase-ios-sdk" */;
			productName = FirebaseAnalyticsOnDeviceConversion;
		};
		11D0313F2CD946A40086753F /* FirebaseAnalyticsWithoutAdIdSupport */ = {
			isa = XCSwiftPackageProductDependency;
			package = 11D0313A2CD946A40086753F /* XCRemoteSwiftPackageReference "firebase-ios-sdk" */;
			productName = FirebaseAnalyticsWithoutAdIdSupport;
		};
		11D031412CD946A40086753F /* FirebaseAppCheck */ = {
			isa = XCSwiftPackageProductDependency;
			package = 11D0313A2CD946A40086753F /* XCRemoteSwiftPackageReference "firebase-ios-sdk" */;
			productName = FirebaseAppCheck;
		};
		11D031432CD946A40086753F /* FirebaseAppDistribution-Beta */ = {
			isa = XCSwiftPackageProductDependency;
			package = 11D0313A2CD946A40086753F /* XCRemoteSwiftPackageReference "firebase-ios-sdk" */;
			productName = "FirebaseAppDistribution-Beta";
		};
		11D031452CD946A40086753F /* FirebaseAuth */ = {
			isa = XCSwiftPackageProductDependency;
			package = 11D0313A2CD946A40086753F /* XCRemoteSwiftPackageReference "firebase-ios-sdk" */;
			productName = FirebaseAuth;
		};
		11D031472CD946A40086753F /* FirebaseAuthCombine-Community */ = {
			isa = XCSwiftPackageProductDependency;
			package = 11D0313A2CD946A40086753F /* XCRemoteSwiftPackageReference "firebase-ios-sdk" */;
			productName = "FirebaseAuthCombine-Community";
		};
		11D031492CD946A40086753F /* FirebaseCore */ = {
			isa = XCSwiftPackageProductDependency;
			package = 11D0313A2CD946A40086753F /* XCRemoteSwiftPackageReference "firebase-ios-sdk" */;
			productName = FirebaseCore;
		};
		11D0314B2CD946A40086753F /* FirebaseCrashlytics */ = {
			isa = XCSwiftPackageProductDependency;
			package = 11D0313A2CD946A40086753F /* XCRemoteSwiftPackageReference "firebase-ios-sdk" */;
			productName = FirebaseCrashlytics;
		};
		11D0314D2CD946A40086753F /* FirebaseDatabase */ = {
			isa = XCSwiftPackageProductDependency;
			package = 11D0313A2CD946A40086753F /* XCRemoteSwiftPackageReference "firebase-ios-sdk" */;
			productName = FirebaseDatabase;
		};
		11D0314F2CD946A40086753F /* FirebaseDynamicLinks */ = {
			isa = XCSwiftPackageProductDependency;
			package = 11D0313A2CD946A40086753F /* XCRemoteSwiftPackageReference "firebase-ios-sdk" */;
			productName = FirebaseDynamicLinks;
		};
		11D031512CD946A40086753F /* FirebaseFirestore */ = {
			isa = XCSwiftPackageProductDependency;
			package = 11D0313A2CD946A40086753F /* XCRemoteSwiftPackageReference "firebase-ios-sdk" */;
			productName = FirebaseFirestore;
		};
		11D031532CD946A40086753F /* FirebaseFirestoreCombine-Community */ = {
			isa = XCSwiftPackageProductDependency;
			package = 11D0313A2CD946A40086753F /* XCRemoteSwiftPackageReference "firebase-ios-sdk" */;
			productName = "FirebaseFirestoreCombine-Community";
		};
		11D031552CD946A40086753F /* FirebaseFunctions */ = {
			isa = XCSwiftPackageProductDependency;
			package = 11D0313A2CD946A40086753F /* XCRemoteSwiftPackageReference "firebase-ios-sdk" */;
			productName = FirebaseFunctions;
		};
		11D031572CD946A40086753F /* FirebaseFunctionsCombine-Community */ = {
			isa = XCSwiftPackageProductDependency;
			package = 11D0313A2CD946A40086753F /* XCRemoteSwiftPackageReference "firebase-ios-sdk" */;
			productName = "FirebaseFunctionsCombine-Community";
		};
		11D031592CD946A40086753F /* FirebaseInAppMessaging-Beta */ = {
			isa = XCSwiftPackageProductDependency;
			package = 11D0313A2CD946A40086753F /* XCRemoteSwiftPackageReference "firebase-ios-sdk" */;
			productName = "FirebaseInAppMessaging-Beta";
		};
		11D0315B2CD946A40086753F /* FirebaseInstallations */ = {
			isa = XCSwiftPackageProductDependency;
			package = 11D0313A2CD946A40086753F /* XCRemoteSwiftPackageReference "firebase-ios-sdk" */;
			productName = FirebaseInstallations;
		};
		11D0315D2CD946A40086753F /* FirebaseMLModelDownloader */ = {
			isa = XCSwiftPackageProductDependency;
			package = 11D0313A2CD946A40086753F /* XCRemoteSwiftPackageReference "firebase-ios-sdk" */;
			productName = FirebaseMLModelDownloader;
		};
		11D0315F2CD946A40086753F /* FirebaseMessaging */ = {
			isa = XCSwiftPackageProductDependency;
			package = 11D0313A2CD946A40086753F /* XCRemoteSwiftPackageReference "firebase-ios-sdk" */;
			productName = FirebaseMessaging;
		};
		11D031612CD946A40086753F /* FirebasePerformance */ = {
			isa = XCSwiftPackageProductDependency;
			package = 11D0313A2CD946A40086753F /* XCRemoteSwiftPackageReference "firebase-ios-sdk" */;
			productName = FirebasePerformance;
		};
		11D031632CD946A40086753F /* FirebaseRemoteConfig */ = {
			isa = XCSwiftPackageProductDependency;
			package = 11D0313A2CD946A40086753F /* XCRemoteSwiftPackageReference "firebase-ios-sdk" */;
			productName = FirebaseRemoteConfig;
		};
		11D031652CD946A40086753F /* FirebaseStorage */ = {
			isa = XCSwiftPackageProductDependency;
			package = 11D0313A2CD946A40086753F /* XCRemoteSwiftPackageReference "firebase-ios-sdk" */;
			productName = FirebaseStorage;
		};
		11D031672CD946A40086753F /* FirebaseStorageCombine-Community */ = {
			isa = XCSwiftPackageProductDependency;
			package = 11D0313A2CD946A40086753F /* XCRemoteSwiftPackageReference "firebase-ios-sdk" */;
			productName = "FirebaseStorageCombine-Community";
		};
		11D031692CD946A40086753F /* FirebaseVertexAI */ = {
			isa = XCSwiftPackageProductDependency;
			package = 11D0313A2CD946A40086753F /* XCRemoteSwiftPackageReference "firebase-ios-sdk" */;
			productName = FirebaseVertexAI;
		};
/* End XCSwiftPackageProductDependency section */
	};
	rootObject = A4BC90C42CAF0F3200C60ED1 /* Project object */;
}
